
Microsoft Visual Studio Solution File, Format Version 12.00
# Visual Studio Version 17
VisualStudioVersion = 17.10.34928.147
MinimumVisualStudioVersion = 10.0.40219.1
Project("{9A19103F-16F7-4668-BE54-9A1E7A4F7556}") = "DataReading", "DataReading\DataReading.csproj", "{28784721-C6D6-4ED1-AC2D-2B8B05AFB684}"
EndProject
Project("{9A19103F-16F7-4668-BE54-9A1E7A4F7556}") = "Day1", "Day1\Day1.csproj", "{A2A8903C-9A6D-47DC-A627-8843DB35CA49}"
EndProject
Project("{9A19103F-16F7-4668-BE54-9A1E7A4F7556}") = "Day2", "Day2\Day2.csproj", "{AF987DEF-6765-4F15-98F8-7654A6FF595C}"
EndProject
Project("{9A19103F-16F7-4668-BE54-9A1E7A4F7556}") = "Day3", "Day3\Day3.csproj", "{4D7C7FB4-6099-4F34-BDE1-AEA08B244246}"
EndProject
Project("{9A19103F-16F7-4668-BE54-9A1E7A4F7556}") = "Day4", "Day4\Day4.csproj", "{2618B01B-3FCF-4BCF-B26B-0A387BA5A882}"
EndProject
Project("{9A19103F-16F7-4668-BE54-9A1E7A4F7556}") = "Day5", "Day5\Day5.csproj", "{92CE1578-9323-4EEA-9190-AB792263EE72}"
EndProject
Project("{9A19103F-16F7-4668-BE54-9A1E7A4F7556}") = "Day6", "Day6\Day6.csproj", "{11B98DE3-9A33-4468-9AF2-22F1ED17D850}"
EndProject
Project("{9A19103F-16F7-4668-BE54-9A1E7A4F7556}") = "Day7", "Day7\Day7.csproj", "{9D422AB8-B11E-42FD-9F4D-C0B75430F5FF}"
EndProject
Project("{FAE04EC0-301F-11D3-BF4B-00C04F79EFBC}") = "Day8", "Day8\Day8.csproj", "{CAF98485-FE74-4559-910E-32CA1E0CAF78}"
EndProject
Global
	GlobalSection(SolutionConfigurationPlatforms) = preSolution
		Debug|Any CPU = Debug|Any CPU
		Release|Any CPU = Release|Any CPU
	EndGlobalSection
	GlobalSection(ProjectConfigurationPlatforms) = postSolution
		{28784721-C6D6-4ED1-AC2D-2B8B05AFB684}.Debug|Any CPU.ActiveCfg = Debug|Any CPU
		{28784721-C6D6-4ED1-AC2D-2B8B05AFB684}.Debug|Any CPU.Build.0 = Debug|Any CPU
		{28784721-C6D6-4ED1-AC2D-2B8B05AFB684}.Release|Any CPU.ActiveCfg = Release|Any CPU
		{28784721-C6D6-4ED1-AC2D-2B8B05AFB684}.Release|Any CPU.Build.0 = Release|Any CPU
		{A2A8903C-9A6D-47DC-A627-8843DB35CA49}.Debug|Any CPU.ActiveCfg = Debug|Any CPU
		{A2A8903C-9A6D-47DC-A627-8843DB35CA49}.Debug|Any CPU.Build.0 = Debug|Any CPU
		{A2A8903C-9A6D-47DC-A627-8843DB35CA49}.Release|Any CPU.ActiveCfg = Release|Any CPU
		{A2A8903C-9A6D-47DC-A627-8843DB35CA49}.Release|Any CPU.Build.0 = Release|Any CPU
		{AF987DEF-6765-4F15-98F8-7654A6FF595C}.Debug|Any CPU.ActiveCfg = Debug|Any CPU
		{AF987DEF-6765-4F15-98F8-7654A6FF595C}.Debug|Any CPU.Build.0 = Debug|Any CPU
		{AF987DEF-6765-4F15-98F8-7654A6FF595C}.Release|Any CPU.ActiveCfg = Release|Any CPU
		{AF987DEF-6765-4F15-98F8-7654A6FF595C}.Release|Any CPU.Build.0 = Release|Any CPU
		{4D7C7FB4-6099-4F34-BDE1-AEA08B244246}.Debug|Any CPU.ActiveCfg = Debug|Any CPU
		{4D7C7FB4-6099-4F34-BDE1-AEA08B244246}.Debug|Any CPU.Build.0 = Debug|Any CPU
		{4D7C7FB4-6099-4F34-BDE1-AEA08B244246}.Release|Any CPU.ActiveCfg = Release|Any CPU
		{4D7C7FB4-6099-4F34-BDE1-AEA08B244246}.Release|Any CPU.Build.0 = Release|Any CPU
		{2618B01B-3FCF-4BCF-B26B-0A387BA5A882}.Debug|Any CPU.ActiveCfg = Debug|Any CPU
		{2618B01B-3FCF-4BCF-B26B-0A387BA5A882}.Debug|Any CPU.Build.0 = Debug|Any CPU
		{2618B01B-3FCF-4BCF-B26B-0A387BA5A882}.Release|Any CPU.ActiveCfg = Release|Any CPU
		{2618B01B-3FCF-4BCF-B26B-0A387BA5A882}.Release|Any CPU.Build.0 = Release|Any CPU
		{92CE1578-9323-4EEA-9190-AB792263EE72}.Debug|Any CPU.ActiveCfg = Debug|Any CPU
		{92CE1578-9323-4EEA-9190-AB792263EE72}.Debug|Any CPU.Build.0 = Debug|Any CPU
		{92CE1578-9323-4EEA-9190-AB792263EE72}.Release|Any CPU.ActiveCfg = Release|Any CPU
		{92CE1578-9323-4EEA-9190-AB792263EE72}.Release|Any CPU.Build.0 = Release|Any CPU
		{11B98DE3-9A33-4468-9AF2-22F1ED17D850}.Debug|Any CPU.ActiveCfg = Debug|Any CPU
		{11B98DE3-9A33-4468-9AF2-22F1ED17D850}.Debug|Any CPU.Build.0 = Debug|Any CPU
		{11B98DE3-9A33-4468-9AF2-22F1ED17D850}.Release|Any CPU.ActiveCfg = Release|Any CPU
		{11B98DE3-9A33-4468-9AF2-22F1ED17D850}.Release|Any CPU.Build.0 = Release|Any CPU
		{9D422AB8-B11E-42FD-9F4D-C0B75430F5FF}.Debug|Any CPU.ActiveCfg = Debug|Any CPU
		{9D422AB8-B11E-42FD-9F4D-C0B75430F5FF}.Debug|Any CPU.Build.0 = Debug|Any CPU
		{9D422AB8-B11E-42FD-9F4D-C0B75430F5FF}.Release|Any CPU.ActiveCfg = Release|Any CPU
		{9D422AB8-B11E-42FD-9F4D-C0B75430F5FF}.Release|Any CPU.Build.0 = Release|Any CPU
		{CAF98485-FE74-4559-910E-32CA1E0CAF78}.Debug|Any CPU.ActiveCfg = Debug|Any CPU
		{CAF98485-FE74-4559-910E-32CA1E0CAF78}.Debug|Any CPU.Build.0 = Debug|Any CPU
		{CAF98485-FE74-4559-910E-32CA1E0CAF78}.Release|Any CPU.ActiveCfg = Release|Any CPU
		{CAF98485-FE74-4559-910E-32CA1E0CAF78}.Release|Any CPU.Build.0 = Release|Any CPU
	EndGlobalSection
	GlobalSection(SolutionProperties) = preSolution
		HideSolutionNode = FALSE
	EndGlobalSection
	GlobalSection(ExtensibilityGlobals) = postSolution
		SolutionGuid = {ADAFB7CD-164F-4F10-A9F6-CAD0924E0517}
	EndGlobalSection
EndGlobal
